
Microsoft Visual Studio Solution File, Format Version 12.00
# Visual Studio Version 16
VisualStudioVersion = 16.0.31605.320
MinimumVisualStudioVersion = 10.0.40219.1
Project("{2150E333-8FDC-42A3-9474-1A3956D46DE8}") = "Doc", "Doc", "{A9D5FBF8-272B-4880-92FF-481C60BDD911}"
EndProject
Project("{2150E333-8FDC-42A3-9474-1A3956D46DE8}") = "Src", "Src", "{655624EF-E36E-48ED-8FF4-83F7E81FCDC7}"
EndProject
Project("{2150E333-8FDC-42A3-9474-1A3956D46DE8}") = "Test", "Test", "{9C351E7C-9035-49E6-A308-D271BF4E5A03}"
EndProject
Project("{2150E333-8FDC-42A3-9474-1A3956D46DE8}") = "Common", "Common", "{F664E1FA-8627-42DD-BECB-D6394A2881AE}"
EndProject
Project("{2150E333-8FDC-42A3-9474-1A3956D46DE8}") = "Infrastructure", "Infrastructure", "{0924CC61-7A82-4F2A-877F-19AB57609C34}"
EndProject
Project("{2150E333-8FDC-42A3-9474-1A3956D46DE8}") = "presentation", "presentation", "{670B5B77-7B67-4A48-BB4E-8D004959A6C2}"
EndProject
Project("{2150E333-8FDC-42A3-9474-1A3956D46DE8}") = "Core", "Core", "{7BB4F3D1-97C8-4041-88AD-10E0B56600C4}"
EndProject
Project("{FAE04EC0-301F-11D3-BF4B-00C04F79EFBC}") = "Mega.Common", "Mega.Common\Mega.Common.csproj", "{72737697-DE79-496E-9A33-0874DC37E732}"
EndProject
Project("{FAE04EC0-301F-11D3-BF4B-00C04F79EFBC}") = "Mega.Application", "Mega.Application\Mega.Application.csproj", "{2818C2C2-1C6A-49F3-9D29-9676B4D6EC85}"
EndProject
Project("{FAE04EC0-301F-11D3-BF4B-00C04F79EFBC}") = "Mega.Domain", "Mega.Domain\Mega.Domain.csproj", "{8736DC44-0FB9-440A-8299-F69FDF8ADF85}"
EndProject
Project("{FAE04EC0-301F-11D3-BF4B-00C04F79EFBC}") = "Mega.Infrastructure", "Mega.Infrastructure\Mega.Infrastructure.csproj", "{163CFE9C-DC79-45A4-9D45-31E1AFCDA046}"
EndProject
Project("{FAE04EC0-301F-11D3-BF4B-00C04F79EFBC}") = "Mega.Persistance", "Mega.Persistance\Mega.Persistance.csproj", "{B7D19DB7-66E2-4A33-8D90-0924EDD7D8A5}"
EndProject
Project("{FAE04EC0-301F-11D3-BF4B-00C04F79EFBC}") = "EndPoint.Site", "EndPoint.Site\EndPoint.Site.csproj", "{DCA8A28E-0785-4323-AC78-DC1D5FBF58DA}"
EndProject
Global
	GlobalSection(SolutionConfigurationPlatforms) = preSolution
		Debug|Any CPU = Debug|Any CPU
		Release|Any CPU = Release|Any CPU
	EndGlobalSection
	GlobalSection(ProjectConfigurationPlatforms) = postSolution
		{72737697-DE79-496E-9A33-0874DC37E732}.Debug|Any CPU.ActiveCfg = Debug|Any CPU
		{72737697-DE79-496E-9A33-0874DC37E732}.Debug|Any CPU.Build.0 = Debug|Any CPU
		{72737697-DE79-496E-9A33-0874DC37E732}.Release|Any CPU.ActiveCfg = Release|Any CPU
		{72737697-DE79-496E-9A33-0874DC37E732}.Release|Any CPU.Build.0 = Release|Any CPU
		{2818C2C2-1C6A-49F3-9D29-9676B4D6EC85}.Debug|Any CPU.ActiveCfg = Debug|Any CPU
		{2818C2C2-1C6A-49F3-9D29-9676B4D6EC85}.Debug|Any CPU.Build.0 = Debug|Any CPU
		{2818C2C2-1C6A-49F3-9D29-9676B4D6EC85}.Release|Any CPU.ActiveCfg = Release|Any CPU
		{2818C2C2-1C6A-49F3-9D29-9676B4D6EC85}.Release|Any CPU.Build.0 = Release|Any CPU
		{8736DC44-0FB9-440A-8299-F69FDF8ADF85}.Debug|Any CPU.ActiveCfg = Debug|Any CPU
		{8736DC44-0FB9-440A-8299-F69FDF8ADF85}.Debug|Any CPU.Build.0 = Debug|Any CPU
		{8736DC44-0FB9-440A-8299-F69FDF8ADF85}.Release|Any CPU.ActiveCfg = Release|Any CPU
		{8736DC44-0FB9-440A-8299-F69FDF8ADF85}.Release|Any CPU.Build.0 = Release|Any CPU
		{163CFE9C-DC79-45A4-9D45-31E1AFCDA046}.Debug|Any CPU.ActiveCfg = Debug|Any CPU
		{163CFE9C-DC79-45A4-9D45-31E1AFCDA046}.Debug|Any CPU.Build.0 = Debug|Any CPU
		{163CFE9C-DC79-45A4-9D45-31E1AFCDA046}.Release|Any CPU.ActiveCfg = Release|Any CPU
		{163CFE9C-DC79-45A4-9D45-31E1AFCDA046}.Release|Any CPU.Build.0 = Release|Any CPU
		{B7D19DB7-66E2-4A33-8D90-0924EDD7D8A5}.Debug|Any CPU.ActiveCfg = Debug|Any CPU
		{B7D19DB7-66E2-4A33-8D90-0924EDD7D8A5}.Debug|Any CPU.Build.0 = Debug|Any CPU
		{B7D19DB7-66E2-4A33-8D90-0924EDD7D8A5}.Release|Any CPU.ActiveCfg = Release|Any CPU
		{B7D19DB7-66E2-4A33-8D90-0924EDD7D8A5}.Release|Any CPU.Build.0 = Release|Any CPU
		{DCA8A28E-0785-4323-AC78-DC1D5FBF58DA}.Debug|Any CPU.ActiveCfg = Debug|Any CPU
		{DCA8A28E-0785-4323-AC78-DC1D5FBF58DA}.Debug|Any CPU.Build.0 = Debug|Any CPU
		{DCA8A28E-0785-4323-AC78-DC1D5FBF58DA}.Release|Any CPU.ActiveCfg = Release|Any CPU
		{DCA8A28E-0785-4323-AC78-DC1D5FBF58DA}.Release|Any CPU.Build.0 = Release|Any CPU
	EndGlobalSection
	GlobalSection(SolutionProperties) = preSolution
		HideSolutionNode = FALSE
	EndGlobalSection
	GlobalSection(NestedProjects) = preSolution
		{F664E1FA-8627-42DD-BECB-D6394A2881AE} = {655624EF-E36E-48ED-8FF4-83F7E81FCDC7}
		{0924CC61-7A82-4F2A-877F-19AB57609C34} = {655624EF-E36E-48ED-8FF4-83F7E81FCDC7}
		{670B5B77-7B67-4A48-BB4E-8D004959A6C2} = {655624EF-E36E-48ED-8FF4-83F7E81FCDC7}
		{7BB4F3D1-97C8-4041-88AD-10E0B56600C4} = {655624EF-E36E-48ED-8FF4-83F7E81FCDC7}
		{72737697-DE79-496E-9A33-0874DC37E732} = {F664E1FA-8627-42DD-BECB-D6394A2881AE}
		{2818C2C2-1C6A-49F3-9D29-9676B4D6EC85} = {7BB4F3D1-97C8-4041-88AD-10E0B56600C4}
		{8736DC44-0FB9-440A-8299-F69FDF8ADF85} = {7BB4F3D1-97C8-4041-88AD-10E0B56600C4}
		{163CFE9C-DC79-45A4-9D45-31E1AFCDA046} = {0924CC61-7A82-4F2A-877F-19AB57609C34}
		{B7D19DB7-66E2-4A33-8D90-0924EDD7D8A5} = {0924CC61-7A82-4F2A-877F-19AB57609C34}
		{DCA8A28E-0785-4323-AC78-DC1D5FBF58DA} = {670B5B77-7B67-4A48-BB4E-8D004959A6C2}
	EndGlobalSection
	GlobalSection(ExtensibilityGlobals) = postSolution
		SolutionGuid = {8C1462D7-7A6A-47B7-B755-59813B4D79C3}
	EndGlobalSection
EndGlobal
